// !$*UTF8*$!
{
	archiveVersion = 1;
	classes = {
	};
	objectVersion = 46;
	objects = {

/* Begin PBXBuildFile section */
		0E10ADE21D6A042B00E15C9C /* QuoraPageViewController.swift in Sources */ = {isa = PBXBuildFile; fileRef = 0E10ADE11D6A042B00E15C9C /* QuoraPageViewController.swift */; };
		0E10ADE51D6A391300E15C9C /* QuoraAnimationController.swift in Sources */ = {isa = PBXBuildFile; fileRef = 0E10ADE41D6A391300E15C9C /* QuoraAnimationController.swift */; };
		0E10ADE71D6A4CF500E15C9C /* QuoraDismissAnimationController.swift in Sources */ = {isa = PBXBuildFile; fileRef = 0E10ADE61D6A4CF500E15C9C /* QuoraDismissAnimationController.swift */; };
		0E54D0A21DB0924900DD7650 /* EBMainViewController.swift in Sources */ = {isa = PBXBuildFile; fileRef = 0E54D0A11DB0924900DD7650 /* EBMainViewController.swift */; };
		0E554FA51D67FA31009F4AE5 /* EBURIResolver.swift in Sources */ = {isa = PBXBuildFile; fileRef = 0E554FA41D67FA31009F4AE5 /* EBURIResolver.swift */; };
		0E58D3931D694A400017C40E /* QuoraArticleViewController.swift in Sources */ = {isa = PBXBuildFile; fileRef = 0E58D3921D694A400017C40E /* QuoraArticleViewController.swift */; };
		0E5FC56F1DB28419003DF396 /* EBEditRecordViewController.swift in Sources */ = {isa = PBXBuildFile; fileRef = 0E5FC56E1DB28419003DF396 /* EBEditRecordViewController.swift */; };
		0E5FC5711DB28EA5003DF396 /* Realm.framework in Frameworks */ = {isa = PBXBuildFile; fileRef = 0E5FC5701DB28EA5003DF396 /* Realm.framework */; };
		0E5FC5721DB28EA5003DF396 /* Realm.framework in Embed Frameworks */ = {isa = PBXBuildFile; fileRef = 0E5FC5701DB28EA5003DF396 /* Realm.framework */; settings = {ATTRIBUTES = (CodeSignOnCopy, RemoveHeadersOnCopy, ); }; };
		0E5FC5751DB28EB0003DF396 /* RealmSwift.framework in Frameworks */ = {isa = PBXBuildFile; fileRef = 0E5FC5741DB28EB0003DF396 /* RealmSwift.framework */; };
		0E5FC5761DB28EB0003DF396 /* RealmSwift.framework in Embed Frameworks */ = {isa = PBXBuildFile; fileRef = 0E5FC5741DB28EB0003DF396 /* RealmSwift.framework */; settings = {ATTRIBUTES = (CodeSignOnCopy, RemoveHeadersOnCopy, ); }; };
		0E5FE1761DBBA51100FC2906 /* EBRealmBlogManager.swift in Sources */ = {isa = PBXBuildFile; fileRef = 0E5FE1751DBBA51100FC2906 /* EBRealmBlogManager.swift */; };
		0E5FE1781DBDAFD300FC2906 /* CompanyCell.swift in Sources */ = {isa = PBXBuildFile; fileRef = 0E5FE1771DBDAFD300FC2906 /* CompanyCell.swift */; };
		0E6BA77D1D67F5EA00B7575C /* EBLoadingViewController.swift in Sources */ = {isa = PBXBuildFile; fileRef = 0E6BA77C1D67F5EA00B7575C /* EBLoadingViewController.swift */; };
		0E6BA7801D67F64100B7575C /* EBPortalViewController.swift in Sources */ = {isa = PBXBuildFile; fileRef = 0E6BA77F1D67F64100B7575C /* EBPortalViewController.swift */; };
		0E7A60CA1DB2C19A003EB738 /* EBRealmCompanyManager.swift in Sources */ = {isa = PBXBuildFile; fileRef = 0E7A60C91DB2C19A003EB738 /* EBRealmCompanyManager.swift */; };
		0E7A60CC1DB2C577003EB738 /* EBCompany.swift in Sources */ = {isa = PBXBuildFile; fileRef = 0E7A60CB1DB2C577003EB738 /* EBCompany.swift */; };
		0E7A60D11DB3EA2A003EB738 /* companies.json in Resources */ = {isa = PBXBuildFile; fileRef = 0E7A60D01DB3EA2A003EB738 /* companies.json */; };
		0E7A60D61DB44363003EB738 /* TableViewManager+EBRealmCompanyManager.swift in Sources */ = {isa = PBXBuildFile; fileRef = 0E7A60D51DB44363003EB738 /* TableViewManager+EBRealmCompanyManager.swift */; };
		0E8BF04B1D61323D00E0AA08 /* AppManager.swift in Sources */ = {isa = PBXBuildFile; fileRef = 0E8BF04A1D61323D00E0AA08 /* AppManager.swift */; };
		0E9574041D4CDDCA00703C3A /* AppDelegate.swift in Sources */ = {isa = PBXBuildFile; fileRef = 0E9574031D4CDDCA00703C3A /* AppDelegate.swift */; };
		0E9574061D4CDDCA00703C3A /* ViewController.swift in Sources */ = {isa = PBXBuildFile; fileRef = 0E9574051D4CDDCA00703C3A /* ViewController.swift */; };
		0E95740B1D4CDDCA00703C3A /* Assets.xcassets in Resources */ = {isa = PBXBuildFile; fileRef = 0E95740A1D4CDDCA00703C3A /* Assets.xcassets */; };
		0E95740E1D4CDDCA00703C3A /* LaunchScreen.storyboard in Resources */ = {isa = PBXBuildFile; fileRef = 0E95740C1D4CDDCA00703C3A /* LaunchScreen.storyboard */; };
		0E9574191D4CDDCA00703C3A /* EbloTests.swift in Sources */ = {isa = PBXBuildFile; fileRef = 0E9574181D4CDDCA00703C3A /* EbloTests.swift */; };
		0E9574241D4CDDCA00703C3A /* EbloUITests.swift in Sources */ = {isa = PBXBuildFile; fileRef = 0E9574231D4CDDCA00703C3A /* EbloUITests.swift */; };
		0EB5AC7B1DB9C87300ACD9EE /* EBBlog.swift in Sources */ = {isa = PBXBuildFile; fileRef = 0EB5AC7A1DB9C87300ACD9EE /* EBBlog.swift */; };
		0EB5AC7D1DB9D1D000ACD9EE /* EBCompanyArticleFetchOperation.swift in Sources */ = {isa = PBXBuildFile; fileRef = 0EB5AC7C1DB9D1D000ACD9EE /* EBCompanyArticleFetchOperation.swift */; };
		62723F355E76895E6881CC81 /* Pods_Eblo.framework in Frameworks */ = {isa = PBXBuildFile; fileRef = 011AEC4E4BABB8D43810F4ED /* Pods_Eblo.framework */; };
		DEEA18CAF66C5B6F4F10CE8C /* Pods_EbloTests.framework in Frameworks */ = {isa = PBXBuildFile; fileRef = A3F7482E46ADC65D359853C5 /* Pods_EbloTests.framework */; };
		F9F4CE422CC52F07DF145C4C /* Pods_EbloUITests.framework in Frameworks */ = {isa = PBXBuildFile; fileRef = 67C85DB028C3D2F272E8D5F6 /* Pods_EbloUITests.framework */; };
/* End PBXBuildFile section */

/* Begin PBXContainerItemProxy section */
		0E9574151D4CDDCA00703C3A /* PBXContainerItemProxy */ = {
			isa = PBXContainerItemProxy;
			containerPortal = 0E9573F81D4CDDCA00703C3A /* Project object */;
			proxyType = 1;
			remoteGlobalIDString = 0E9573FF1D4CDDCA00703C3A;
			remoteInfo = Eblo;
		};
		0E9574201D4CDDCA00703C3A /* PBXContainerItemProxy */ = {
			isa = PBXContainerItemProxy;
			containerPortal = 0E9573F81D4CDDCA00703C3A /* Project object */;
			proxyType = 1;
			remoteGlobalIDString = 0E9573FF1D4CDDCA00703C3A;
			remoteInfo = Eblo;
		};
/* End PBXContainerItemProxy section */

/* Begin PBXCopyFilesBuildPhase section */
		0E5FC5731DB28EA5003DF396 /* Embed Frameworks */ = {
			isa = PBXCopyFilesBuildPhase;
			buildActionMask = 2147483647;
			dstPath = "";
			dstSubfolderSpec = 10;
			files = (
				0E5FC5761DB28EB0003DF396 /* RealmSwift.framework in Embed Frameworks */,
				0E5FC5721DB28EA5003DF396 /* Realm.framework in Embed Frameworks */,
			);
			name = "Embed Frameworks";
			runOnlyForDeploymentPostprocessing = 0;
		};
/* End PBXCopyFilesBuildPhase section */

/* Begin PBXFileReference section */
		011AEC4E4BABB8D43810F4ED /* Pods_Eblo.framework */ = {isa = PBXFileReference; explicitFileType = wrapper.framework; includeInIndex = 0; path = Pods_Eblo.framework; sourceTree = BUILT_PRODUCTS_DIR; };
		0E10ADE11D6A042B00E15C9C /* QuoraPageViewController.swift */ = {isa = PBXFileReference; fileEncoding = 4; lastKnownFileType = sourcecode.swift; path = QuoraPageViewController.swift; sourceTree = "<group>"; };
		0E10ADE41D6A391300E15C9C /* QuoraAnimationController.swift */ = {isa = PBXFileReference; fileEncoding = 4; lastKnownFileType = sourcecode.swift; path = QuoraAnimationController.swift; sourceTree = "<group>"; };
		0E10ADE61D6A4CF500E15C9C /* QuoraDismissAnimationController.swift */ = {isa = PBXFileReference; fileEncoding = 4; lastKnownFileType = sourcecode.swift; path = QuoraDismissAnimationController.swift; sourceTree = "<group>"; };
		0E54D0A11DB0924900DD7650 /* EBMainViewController.swift */ = {isa = PBXFileReference; fileEncoding = 4; lastKnownFileType = sourcecode.swift; path = EBMainViewController.swift; sourceTree = "<group>"; };
		0E554FA41D67FA31009F4AE5 /* EBURIResolver.swift */ = {isa = PBXFileReference; fileEncoding = 4; lastKnownFileType = sourcecode.swift; path = EBURIResolver.swift; sourceTree = "<group>"; };
		0E58D3921D694A400017C40E /* QuoraArticleViewController.swift */ = {isa = PBXFileReference; fileEncoding = 4; lastKnownFileType = sourcecode.swift; path = QuoraArticleViewController.swift; sourceTree = "<group>"; };
		0E5FC56E1DB28419003DF396 /* EBEditRecordViewController.swift */ = {isa = PBXFileReference; fileEncoding = 4; lastKnownFileType = sourcecode.swift; path = EBEditRecordViewController.swift; sourceTree = "<group>"; };
		0E5FC5701DB28EA5003DF396 /* Realm.framework */ = {isa = PBXFileReference; lastKnownFileType = wrapper.framework; path = Realm.framework; sourceTree = "<group>"; };
		0E5FC5741DB28EB0003DF396 /* RealmSwift.framework */ = {isa = PBXFileReference; lastKnownFileType = wrapper.framework; path = RealmSwift.framework; sourceTree = "<group>"; };
		0E5FE1751DBBA51100FC2906 /* EBRealmBlogManager.swift */ = {isa = PBXFileReference; fileEncoding = 4; lastKnownFileType = sourcecode.swift; path = EBRealmBlogManager.swift; sourceTree = "<group>"; };
		0E5FE1771DBDAFD300FC2906 /* CompanyCell.swift */ = {isa = PBXFileReference; fileEncoding = 4; lastKnownFileType = sourcecode.swift; path = CompanyCell.swift; sourceTree = "<group>"; };
		0E69FFBE1D689D3C00D6C2E9 /* Eblo.xcconfig */ = {isa = PBXFileReference; lastKnownFileType = text.xcconfig; path = Eblo.xcconfig; sourceTree = "<group>"; };
		0E69FFBF1D689D5600D6C2E9 /* Eblo-Debug.xcconfig */ = {isa = PBXFileReference; lastKnownFileType = text.xcconfig; path = "Eblo-Debug.xcconfig"; sourceTree = "<group>"; };
		0E69FFC01D689D6A00D6C2E9 /* Eblo-Release.xcconfig */ = {isa = PBXFileReference; lastKnownFileType = text.xcconfig; path = "Eblo-Release.xcconfig"; sourceTree = "<group>"; };
		0E6BA77C1D67F5EA00B7575C /* EBLoadingViewController.swift */ = {isa = PBXFileReference; fileEncoding = 4; lastKnownFileType = sourcecode.swift; path = EBLoadingViewController.swift; sourceTree = "<group>"; };
		0E6BA77F1D67F64100B7575C /* EBPortalViewController.swift */ = {isa = PBXFileReference; fileEncoding = 4; lastKnownFileType = sourcecode.swift; path = EBPortalViewController.swift; sourceTree = "<group>"; };
		0E7A60C91DB2C19A003EB738 /* EBRealmCompanyManager.swift */ = {isa = PBXFileReference; fileEncoding = 4; lastKnownFileType = sourcecode.swift; path = EBRealmCompanyManager.swift; sourceTree = "<group>"; };
		0E7A60CB1DB2C577003EB738 /* EBCompany.swift */ = {isa = PBXFileReference; fileEncoding = 4; lastKnownFileType = sourcecode.swift; path = EBCompany.swift; sourceTree = "<group>"; };
		0E7A60D01DB3EA2A003EB738 /* companies.json */ = {isa = PBXFileReference; fileEncoding = 4; lastKnownFileType = text.json; path = companies.json; sourceTree = "<group>"; };
		0E7A60D51DB44363003EB738 /* TableViewManager+EBRealmCompanyManager.swift */ = {isa = PBXFileReference; fileEncoding = 4; lastKnownFileType = sourcecode.swift; path = "TableViewManager+EBRealmCompanyManager.swift"; sourceTree = "<group>"; };
		0E8BF04A1D61323D00E0AA08 /* AppManager.swift */ = {isa = PBXFileReference; fileEncoding = 4; lastKnownFileType = sourcecode.swift; path = AppManager.swift; sourceTree = "<group>"; };
		0E9574001D4CDDCA00703C3A /* Eblo.app */ = {isa = PBXFileReference; explicitFileType = wrapper.application; includeInIndex = 0; path = Eblo.app; sourceTree = BUILT_PRODUCTS_DIR; };
		0E9574031D4CDDCA00703C3A /* AppDelegate.swift */ = {isa = PBXFileReference; lastKnownFileType = sourcecode.swift; path = AppDelegate.swift; sourceTree = "<group>"; };
		0E9574051D4CDDCA00703C3A /* ViewController.swift */ = {isa = PBXFileReference; lastKnownFileType = sourcecode.swift; name = ViewController.swift; path = ../../ViewController.swift; sourceTree = "<group>"; };
		0E95740A1D4CDDCA00703C3A /* Assets.xcassets */ = {isa = PBXFileReference; lastKnownFileType = folder.assetcatalog; path = Assets.xcassets; sourceTree = "<group>"; };
		0E95740D1D4CDDCA00703C3A /* Base */ = {isa = PBXFileReference; lastKnownFileType = file.storyboard; name = Base; path = Base.lproj/LaunchScreen.storyboard; sourceTree = "<group>"; };
		0E95740F1D4CDDCA00703C3A /* Info.plist */ = {isa = PBXFileReference; lastKnownFileType = text.plist.xml; path = Info.plist; sourceTree = "<group>"; };
		0E9574141D4CDDCA00703C3A /* EbloTests.xctest */ = {isa = PBXFileReference; explicitFileType = wrapper.cfbundle; includeInIndex = 0; path = EbloTests.xctest; sourceTree = BUILT_PRODUCTS_DIR; };
		0E9574181D4CDDCA00703C3A /* EbloTests.swift */ = {isa = PBXFileReference; lastKnownFileType = sourcecode.swift; path = EbloTests.swift; sourceTree = "<group>"; };
		0E95741A1D4CDDCA00703C3A /* Info.plist */ = {isa = PBXFileReference; lastKnownFileType = text.plist.xml; path = Info.plist; sourceTree = "<group>"; };
		0E95741F1D4CDDCA00703C3A /* EbloUITests.xctest */ = {isa = PBXFileReference; explicitFileType = wrapper.cfbundle; includeInIndex = 0; path = EbloUITests.xctest; sourceTree = BUILT_PRODUCTS_DIR; };
		0E9574231D4CDDCA00703C3A /* EbloUITests.swift */ = {isa = PBXFileReference; lastKnownFileType = sourcecode.swift; path = EbloUITests.swift; sourceTree = "<group>"; };
		0E9574251D4CDDCA00703C3A /* Info.plist */ = {isa = PBXFileReference; lastKnownFileType = text.plist.xml; path = Info.plist; sourceTree = "<group>"; };
		0EB5AC7A1DB9C87300ACD9EE /* EBBlog.swift */ = {isa = PBXFileReference; fileEncoding = 4; lastKnownFileType = sourcecode.swift; path = EBBlog.swift; sourceTree = "<group>"; };
		0EB5AC7C1DB9D1D000ACD9EE /* EBCompanyArticleFetchOperation.swift */ = {isa = PBXFileReference; fileEncoding = 4; lastKnownFileType = sourcecode.swift; path = EBCompanyArticleFetchOperation.swift; sourceTree = "<group>"; };
		17990CD8E61CD9A6FC2580ED /* Pods-Eblo.release.xcconfig */ = {isa = PBXFileReference; includeInIndex = 1; lastKnownFileType = text.xcconfig; name = "Pods-Eblo.release.xcconfig"; path = "Pods/Target Support Files/Pods-Eblo/Pods-Eblo.release.xcconfig"; sourceTree = "<group>"; };
		413048EE4F3C7FD3A886F081 /* Pods-EbloUITests.release.xcconfig */ = {isa = PBXFileReference; includeInIndex = 1; lastKnownFileType = text.xcconfig; name = "Pods-EbloUITests.release.xcconfig"; path = "Pods/Target Support Files/Pods-EbloUITests/Pods-EbloUITests.release.xcconfig"; sourceTree = "<group>"; };
		67C85DB028C3D2F272E8D5F6 /* Pods_EbloUITests.framework */ = {isa = PBXFileReference; explicitFileType = wrapper.framework; includeInIndex = 0; path = Pods_EbloUITests.framework; sourceTree = BUILT_PRODUCTS_DIR; };
		A3F7482E46ADC65D359853C5 /* Pods_EbloTests.framework */ = {isa = PBXFileReference; explicitFileType = wrapper.framework; includeInIndex = 0; path = Pods_EbloTests.framework; sourceTree = BUILT_PRODUCTS_DIR; };
		BE1BFF70D9451D2C1079822E /* Pods-EbloTests.debug.xcconfig */ = {isa = PBXFileReference; includeInIndex = 1; lastKnownFileType = text.xcconfig; name = "Pods-EbloTests.debug.xcconfig"; path = "Pods/Target Support Files/Pods-EbloTests/Pods-EbloTests.debug.xcconfig"; sourceTree = "<group>"; };
		D4821C5D6DD910A74659DE23 /* Pods-EbloTests.release.xcconfig */ = {isa = PBXFileReference; includeInIndex = 1; lastKnownFileType = text.xcconfig; name = "Pods-EbloTests.release.xcconfig"; path = "Pods/Target Support Files/Pods-EbloTests/Pods-EbloTests.release.xcconfig"; sourceTree = "<group>"; };
		DD0DF962E27AB253C947D099 /* Pods-EbloUITests.debug.xcconfig */ = {isa = PBXFileReference; includeInIndex = 1; lastKnownFileType = text.xcconfig; name = "Pods-EbloUITests.debug.xcconfig"; path = "Pods/Target Support Files/Pods-EbloUITests/Pods-EbloUITests.debug.xcconfig"; sourceTree = "<group>"; };
		F1A6D301C8567DE7DA3ED4D0 /* Pods-Eblo.debug.xcconfig */ = {isa = PBXFileReference; includeInIndex = 1; lastKnownFileType = text.xcconfig; name = "Pods-Eblo.debug.xcconfig"; path = "Pods/Target Support Files/Pods-Eblo/Pods-Eblo.debug.xcconfig"; sourceTree = "<group>"; };
/* End PBXFileReference section */

/* Begin PBXFrameworksBuildPhase section */
		0E9573FD1D4CDDCA00703C3A /* Frameworks */ = {
			isa = PBXFrameworksBuildPhase;
			buildActionMask = 2147483647;
			files = (
				0E5FC5711DB28EA5003DF396 /* Realm.framework in Frameworks */,
				62723F355E76895E6881CC81 /* Pods_Eblo.framework in Frameworks */,
				0E5FC5751DB28EB0003DF396 /* RealmSwift.framework in Frameworks */,
			);
			runOnlyForDeploymentPostprocessing = 0;
		};
		0E9574111D4CDDCA00703C3A /* Frameworks */ = {
			isa = PBXFrameworksBuildPhase;
			buildActionMask = 2147483647;
			files = (
				DEEA18CAF66C5B6F4F10CE8C /* Pods_EbloTests.framework in Frameworks */,
			);
			runOnlyForDeploymentPostprocessing = 0;
		};
		0E95741C1D4CDDCA00703C3A /* Frameworks */ = {
			isa = PBXFrameworksBuildPhase;
			buildActionMask = 2147483647;
			files = (
				F9F4CE422CC52F07DF145C4C /* Pods_EbloUITests.framework in Frameworks */,
			);
			runOnlyForDeploymentPostprocessing = 0;
		};
/* End PBXFrameworksBuildPhase section */

/* Begin PBXGroup section */
		0E10ADE31D6A38BF00E15C9C /* AnimationTransition */ = {
			isa = PBXGroup;
			children = (
				0E10ADE41D6A391300E15C9C /* QuoraAnimationController.swift */,
				0E10ADE61D6A4CF500E15C9C /* QuoraDismissAnimationController.swift */,
			);
			path = AnimationTransition;
			sourceTree = "<group>";
		};
		0E54D0A01DB091E600DD7650 /* Main */ = {
			isa = PBXGroup;
			children = (
				0E54D0A11DB0924900DD7650 /* EBMainViewController.swift */,
				0E5FE1771DBDAFD300FC2906 /* CompanyCell.swift */,
			);
			path = Main;
			sourceTree = "<group>";
		};
		0E554FA61D680020009F4AE5 /* Test */ = {
			isa = PBXGroup;
			children = (
				0E9574051D4CDDCA00703C3A /* ViewController.swift */,
				0E58D3921D694A400017C40E /* QuoraArticleViewController.swift */,
				0E10ADE11D6A042B00E15C9C /* QuoraPageViewController.swift */,
			);
			path = Test;
			sourceTree = "<group>";
		};
		0E5FC56D1DB283D3003DF396 /* EditRecord */ = {
			isa = PBXGroup;
			children = (
				0E5FC56E1DB28419003DF396 /* EBEditRecordViewController.swift */,
			);
			path = EditRecord;
			sourceTree = "<group>";
		};
		0E69FFBD1D689CAD00D6C2E9 /* Config */ = {
			isa = PBXGroup;
			children = (
				0E69FFBE1D689D3C00D6C2E9 /* Eblo.xcconfig */,
				0E69FFBF1D689D5600D6C2E9 /* Eblo-Debug.xcconfig */,
				0E69FFC01D689D6A00D6C2E9 /* Eblo-Release.xcconfig */,
			);
			path = Config;
			sourceTree = "<group>";
		};
		0E6BA7791D67F5C400B7575C /* Loading */ = {
			isa = PBXGroup;
			children = (
				0E6BA77C1D67F5EA00B7575C /* EBLoadingViewController.swift */,
			);
			path = Loading;
			sourceTree = "<group>";
		};
		0E6BA77E1D67F62100B7575C /* SignIn */ = {
			isa = PBXGroup;
			children = (
				0E6BA77F1D67F64100B7575C /* EBPortalViewController.swift */,
			);
			path = SignIn;
			sourceTree = "<group>";
		};
		0E7A60C81DB2C157003EB738 /* Data */ = {
			isa = PBXGroup;
			children = (
				0EB5AC7A1DB9C87300ACD9EE /* EBBlog.swift */,
				0E7A60CB1DB2C577003EB738 /* EBCompany.swift */,
				0EB5AC7C1DB9D1D000ACD9EE /* EBCompanyArticleFetchOperation.swift */,
				0E5FE1751DBBA51100FC2906 /* EBRealmBlogManager.swift */,
				0E7A60C91DB2C19A003EB738 /* EBRealmCompanyManager.swift */,
			);
			path = Data;
			sourceTree = "<group>";
		};
		0E7A60CD1DB3E8D4003EB738 /* SupportingFiles */ = {
			isa = PBXGroup;
			children = (
				0E7A60D01DB3EA2A003EB738 /* companies.json */,
			);
			path = SupportingFiles;
			sourceTree = "<group>";
		};
		0E7A60D21DB43092003EB738 /* Extension */ = {
			isa = PBXGroup;
			children = (
				0E7A60D51DB44363003EB738 /* TableViewManager+EBRealmCompanyManager.swift */,
			);
			path = Extension;
			sourceTree = "<group>";
		};
		0E8BF0491D61321D00E0AA08 /* AppManagement */ = {
			isa = PBXGroup;
			children = (
				0E8BF04A1D61323D00E0AA08 /* AppManager.swift */,
				0E554FA41D67FA31009F4AE5 /* EBURIResolver.swift */,
			);
			path = AppManagement;
			sourceTree = "<group>";
		};
		0E8BF04C1D6138D500E0AA08 /* UI */ = {
			isa = PBXGroup;
			children = (
				0E10ADE31D6A38BF00E15C9C /* AnimationTransition */,
				0E5FC56D1DB283D3003DF396 /* EditRecord */,
				0E6BA7791D67F5C400B7575C /* Loading */,
				0E54D0A01DB091E600DD7650 /* Main */,
				0E6BA77E1D67F62100B7575C /* SignIn */,
				0E554FA61D680020009F4AE5 /* Test */,
			);
			path = UI;
			sourceTree = "<group>";
		};
		0E9573F71D4CDDCA00703C3A = {
			isa = PBXGroup;
			children = (
				0E5FC5741DB28EB0003DF396 /* RealmSwift.framework */,
				0E5FC5701DB28EA5003DF396 /* Realm.framework */,
				0E69FFBD1D689CAD00D6C2E9 /* Config */,
				0E9574021D4CDDCA00703C3A /* Eblo */,
				0E9574171D4CDDCA00703C3A /* EbloTests */,
				0E9574221D4CDDCA00703C3A /* EbloUITests */,
				0E9574011D4CDDCA00703C3A /* Products */,
				D0B48CC620A1B039AD114712 /* Pods */,
				257F0660D975BAC3FBDD0CF1 /* Frameworks */,
			);
			sourceTree = "<group>";
		};
		0E9574011D4CDDCA00703C3A /* Products */ = {
			isa = PBXGroup;
			children = (
				0E9574001D4CDDCA00703C3A /* Eblo.app */,
				0E9574141D4CDDCA00703C3A /* EbloTests.xctest */,
				0E95741F1D4CDDCA00703C3A /* EbloUITests.xctest */,
			);
			name = Products;
			sourceTree = "<group>";
		};
		0E9574021D4CDDCA00703C3A /* Eblo */ = {
			isa = PBXGroup;
			children = (
				0E7A60D21DB43092003EB738 /* Extension */,
				0E7A60CD1DB3E8D4003EB738 /* SupportingFiles */,
				0E7A60C81DB2C157003EB738 /* Data */,
				0E8BF0491D61321D00E0AA08 /* AppManagement */,
				0E8BF04C1D6138D500E0AA08 /* UI */,
				0E9574031D4CDDCA00703C3A /* AppDelegate.swift */,
				0E95740A1D4CDDCA00703C3A /* Assets.xcassets */,
				0E95740C1D4CDDCA00703C3A /* LaunchScreen.storyboard */,
				0E95740F1D4CDDCA00703C3A /* Info.plist */,
			);
			path = Eblo;
			sourceTree = "<group>";
		};
		0E9574171D4CDDCA00703C3A /* EbloTests */ = {
			isa = PBXGroup;
			children = (
				0E9574181D4CDDCA00703C3A /* EbloTests.swift */,
				0E95741A1D4CDDCA00703C3A /* Info.plist */,
			);
			path = EbloTests;
			sourceTree = "<group>";
		};
		0E9574221D4CDDCA00703C3A /* EbloUITests */ = {
			isa = PBXGroup;
			children = (
				0E9574231D4CDDCA00703C3A /* EbloUITests.swift */,
				0E9574251D4CDDCA00703C3A /* Info.plist */,
			);
			path = EbloUITests;
			sourceTree = "<group>";
		};
		257F0660D975BAC3FBDD0CF1 /* Frameworks */ = {
			isa = PBXGroup;
			children = (
				011AEC4E4BABB8D43810F4ED /* Pods_Eblo.framework */,
				A3F7482E46ADC65D359853C5 /* Pods_EbloTests.framework */,
				67C85DB028C3D2F272E8D5F6 /* Pods_EbloUITests.framework */,
			);
			name = Frameworks;
			sourceTree = "<group>";
		};
		D0B48CC620A1B039AD114712 /* Pods */ = {
			isa = PBXGroup;
			children = (
				F1A6D301C8567DE7DA3ED4D0 /* Pods-Eblo.debug.xcconfig */,
				17990CD8E61CD9A6FC2580ED /* Pods-Eblo.release.xcconfig */,
				BE1BFF70D9451D2C1079822E /* Pods-EbloTests.debug.xcconfig */,
				D4821C5D6DD910A74659DE23 /* Pods-EbloTests.release.xcconfig */,
				DD0DF962E27AB253C947D099 /* Pods-EbloUITests.debug.xcconfig */,
				413048EE4F3C7FD3A886F081 /* Pods-EbloUITests.release.xcconfig */,
			);
			name = Pods;
			sourceTree = "<group>";
		};
/* End PBXGroup section */

/* Begin PBXNativeTarget section */
		0E9573FF1D4CDDCA00703C3A /* Eblo */ = {
			isa = PBXNativeTarget;
			buildConfigurationList = 0E9574281D4CDDCA00703C3A /* Build configuration list for PBXNativeTarget "Eblo" */;
			buildPhases = (
				91F02779BC06F42EF4085F83 /* [CP] Check Pods Manifest.lock */,
				0E9573FC1D4CDDCA00703C3A /* Sources */,
				0E9573FD1D4CDDCA00703C3A /* Frameworks */,
				0E9573FE1D4CDDCA00703C3A /* Resources */,
				2FA792BB4658261DE66DC3E5 /* [CP] Embed Pods Frameworks */,
				3F4475592DC59F98CFF431D6 /* [CP] Copy Pods Resources */,
				0E5FC5731DB28EA5003DF396 /* Embed Frameworks */,
				0E5FC5771DB29066003DF396 /* ShellScript */,
			);
			buildRules = (
			);
			dependencies = (
			);
			name = Eblo;
			productName = Eblo;
			productReference = 0E9574001D4CDDCA00703C3A /* Eblo.app */;
			productType = "com.apple.product-type.application";
		};
		0E9574131D4CDDCA00703C3A /* EbloTests */ = {
			isa = PBXNativeTarget;
			buildConfigurationList = 0E95742B1D4CDDCA00703C3A /* Build configuration list for PBXNativeTarget "EbloTests" */;
			buildPhases = (
				18FA90EAA115E51B993743D4 /* [CP] Check Pods Manifest.lock */,
				0E9574101D4CDDCA00703C3A /* Sources */,
				0E9574111D4CDDCA00703C3A /* Frameworks */,
				0E9574121D4CDDCA00703C3A /* Resources */,
				38AC87CA026AF2FE3D324A14 /* [CP] Embed Pods Frameworks */,
				7E512735B0BAE317EAE36BA3 /* [CP] Copy Pods Resources */,
			);
			buildRules = (
			);
			dependencies = (
				0E9574161D4CDDCA00703C3A /* PBXTargetDependency */,
			);
			name = EbloTests;
			productName = EbloTests;
			productReference = 0E9574141D4CDDCA00703C3A /* EbloTests.xctest */;
			productType = "com.apple.product-type.bundle.unit-test";
		};
		0E95741E1D4CDDCA00703C3A /* EbloUITests */ = {
			isa = PBXNativeTarget;
			buildConfigurationList = 0E95742E1D4CDDCA00703C3A /* Build configuration list for PBXNativeTarget "EbloUITests" */;
			buildPhases = (
				1E88D288D74E1565F76292FB /* [CP] Check Pods Manifest.lock */,
				0E95741B1D4CDDCA00703C3A /* Sources */,
				0E95741C1D4CDDCA00703C3A /* Frameworks */,
				0E95741D1D4CDDCA00703C3A /* Resources */,
				3A73FCCB03D3DD1FC8C92C40 /* [CP] Copy Pods Resources */,
				4343819BD6ABBFE82B1C4168 /* [CP] Embed Pods Frameworks */,
			);
			buildRules = (
			);
			dependencies = (
				0E9574211D4CDDCA00703C3A /* PBXTargetDependency */,
			);
			name = EbloUITests;
			productName = EbloUITests;
			productReference = 0E95741F1D4CDDCA00703C3A /* EbloUITests.xctest */;
			productType = "com.apple.product-type.bundle.ui-testing";
		};
/* End PBXNativeTarget section */

/* Begin PBXProject section */
		0E9573F81D4CDDCA00703C3A /* Project object */ = {
			isa = PBXProject;
			attributes = {
				LastSwiftUpdateCheck = 0800;
				LastUpgradeCheck = 0800;
				ORGANIZATIONNAME = "YANSONG LI";
				TargetAttributes = {
					0E9573FF1D4CDDCA00703C3A = {
						CreatedOnToolsVersion = 8.0;
						DevelopmentTeam = L6WNB8Y8NX;
						DevelopmentTeamName = "yansong li";
						ProvisioningStyle = Automatic;
					};
					0E9574131D4CDDCA00703C3A = {
						CreatedOnToolsVersion = 8.0;
						DevelopmentTeam = L6WNB8Y8NX;
						DevelopmentTeamName = "yansong li";
						ProvisioningStyle = Automatic;
						TestTargetID = 0E9573FF1D4CDDCA00703C3A;
					};
					0E95741E1D4CDDCA00703C3A = {
						CreatedOnToolsVersion = 8.0;
						DevelopmentTeam = L6WNB8Y8NX;
						DevelopmentTeamName = "yansong li";
						ProvisioningStyle = Automatic;
						TestTargetID = 0E9573FF1D4CDDCA00703C3A;
					};
				};
			};
			buildConfigurationList = 0E9573FB1D4CDDCA00703C3A /* Build configuration list for PBXProject "Eblo" */;
			compatibilityVersion = "Xcode 3.2";
			developmentRegion = English;
			hasScannedForEncodings = 0;
			knownRegions = (
				en,
				Base,
			);
			mainGroup = 0E9573F71D4CDDCA00703C3A;
			productRefGroup = 0E9574011D4CDDCA00703C3A /* Products */;
			projectDirPath = "";
			projectRoot = "";
			targets = (
				0E9573FF1D4CDDCA00703C3A /* Eblo */,
				0E9574131D4CDDCA00703C3A /* EbloTests */,
				0E95741E1D4CDDCA00703C3A /* EbloUITests */,
			);
		};
/* End PBXProject section */

/* Begin PBXResourcesBuildPhase section */
		0E9573FE1D4CDDCA00703C3A /* Resources */ = {
			isa = PBXResourcesBuildPhase;
			buildActionMask = 2147483647;
			files = (
				0E95740E1D4CDDCA00703C3A /* LaunchScreen.storyboard in Resources */,
				0E7A60D11DB3EA2A003EB738 /* companies.json in Resources */,
				0E95740B1D4CDDCA00703C3A /* Assets.xcassets in Resources */,
			);
			runOnlyForDeploymentPostprocessing = 0;
		};
		0E9574121D4CDDCA00703C3A /* Resources */ = {
			isa = PBXResourcesBuildPhase;
			buildActionMask = 2147483647;
			files = (
			);
			runOnlyForDeploymentPostprocessing = 0;
		};
		0E95741D1D4CDDCA00703C3A /* Resources */ = {
			isa = PBXResourcesBuildPhase;
			buildActionMask = 2147483647;
			files = (
			);
			runOnlyForDeploymentPostprocessing = 0;
		};
/* End PBXResourcesBuildPhase section */

/* Begin PBXShellScriptBuildPhase section */
		0E5FC5771DB29066003DF396 /* ShellScript */ = {
			isa = PBXShellScriptBuildPhase;
			buildActionMask = 2147483647;
			files = (
			);
			inputPaths = (
			);
			outputPaths = (
			);
			runOnlyForDeploymentPostprocessing = 0;
			shellPath = /bin/sh;
			shellScript = "bash ${BUILT_PRODUCTS_DIR}/${FRAMEWORKS_FOLDER_PATH}/Realm.framework/strip-frameworks.sh";
		};
		18FA90EAA115E51B993743D4 /* [CP] Check Pods Manifest.lock */ = {
			isa = PBXShellScriptBuildPhase;
			buildActionMask = 2147483647;
			files = (
			);
			inputPaths = (
			);
			name = "[CP] Check Pods Manifest.lock";
			outputPaths = (
			);
			runOnlyForDeploymentPostprocessing = 0;
			shellPath = /bin/sh;
			shellScript = "diff \"${PODS_ROOT}/../Podfile.lock\" \"${PODS_ROOT}/Manifest.lock\" > /dev/null\nif [ $? != 0 ] ; then\n    # print error to STDERR\n    echo \"error: The sandbox is not in sync with the Podfile.lock. Run 'pod install' or update your CocoaPods installation.\" >&2\n    exit 1\nfi\n";
			showEnvVarsInLog = 0;
		};
		1E88D288D74E1565F76292FB /* [CP] Check Pods Manifest.lock */ = {
			isa = PBXShellScriptBuildPhase;
			buildActionMask = 2147483647;
			files = (
			);
			inputPaths = (
			);
			name = "[CP] Check Pods Manifest.lock";
			outputPaths = (
			);
			runOnlyForDeploymentPostprocessing = 0;
			shellPath = /bin/sh;
			shellScript = "diff \"${PODS_ROOT}/../Podfile.lock\" \"${PODS_ROOT}/Manifest.lock\" > /dev/null\nif [ $? != 0 ] ; then\n    # print error to STDERR\n    echo \"error: The sandbox is not in sync with the Podfile.lock. Run 'pod install' or update your CocoaPods installation.\" >&2\n    exit 1\nfi\n";
			showEnvVarsInLog = 0;
		};
		2FA792BB4658261DE66DC3E5 /* [CP] Embed Pods Frameworks */ = {
			isa = PBXShellScriptBuildPhase;
			buildActionMask = 2147483647;
			files = (
			);
			inputPaths = (
			);
			name = "[CP] Embed Pods Frameworks";
			outputPaths = (
			);
			runOnlyForDeploymentPostprocessing = 0;
			shellPath = /bin/sh;
			shellScript = "\"${SRCROOT}/Pods/Target Support Files/Pods-Eblo/Pods-Eblo-frameworks.sh\"\n";
			showEnvVarsInLog = 0;
		};
		38AC87CA026AF2FE3D324A14 /* [CP] Embed Pods Frameworks */ = {
			isa = PBXShellScriptBuildPhase;
			buildActionMask = 2147483647;
			files = (
			);
			inputPaths = (
			);
			name = "[CP] Embed Pods Frameworks";
			outputPaths = (
			);
			runOnlyForDeploymentPostprocessing = 0;
			shellPath = /bin/sh;
			shellScript = "\"${SRCROOT}/Pods/Target Support Files/Pods-EbloTests/Pods-EbloTests-frameworks.sh\"\n";
			showEnvVarsInLog = 0;
		};
		3A73FCCB03D3DD1FC8C92C40 /* [CP] Copy Pods Resources */ = {
			isa = PBXShellScriptBuildPhase;
			buildActionMask = 2147483647;
			files = (
			);
			inputPaths = (
			);
			name = "[CP] Copy Pods Resources";
			outputPaths = (
			);
			runOnlyForDeploymentPostprocessing = 0;
			shellPath = /bin/sh;
			shellScript = "\"${SRCROOT}/Pods/Target Support Files/Pods-EbloUITests/Pods-EbloUITests-resources.sh\"\n";
			showEnvVarsInLog = 0;
		};
		3F4475592DC59F98CFF431D6 /* [CP] Copy Pods Resources */ = {
			isa = PBXShellScriptBuildPhase;
			buildActionMask = 2147483647;
			files = (
			);
			inputPaths = (
			);
			name = "[CP] Copy Pods Resources";
			outputPaths = (
			);
			runOnlyForDeploymentPostprocessing = 0;
			shellPath = /bin/sh;
			shellScript = "\"${SRCROOT}/Pods/Target Support Files/Pods-Eblo/Pods-Eblo-resources.sh\"\n";
			showEnvVarsInLog = 0;
		};
		4343819BD6ABBFE82B1C4168 /* [CP] Embed Pods Frameworks */ = {
			isa = PBXShellScriptBuildPhase;
			buildActionMask = 2147483647;
			files = (
			);
			inputPaths = (
			);
			name = "[CP] Embed Pods Frameworks";
			outputPaths = (
			);
			runOnlyForDeploymentPostprocessing = 0;
			shellPath = /bin/sh;
			shellScript = "\"${SRCROOT}/Pods/Target Support Files/Pods-EbloUITests/Pods-EbloUITests-frameworks.sh\"\n";
			showEnvVarsInLog = 0;
		};
		7E512735B0BAE317EAE36BA3 /* [CP] Copy Pods Resources */ = {
			isa = PBXShellScriptBuildPhase;
			buildActionMask = 2147483647;
			files = (
			);
			inputPaths = (
			);
			name = "[CP] Copy Pods Resources";
			outputPaths = (
			);
			runOnlyForDeploymentPostprocessing = 0;
			shellPath = /bin/sh;
			shellScript = "\"${SRCROOT}/Pods/Target Support Files/Pods-EbloTests/Pods-EbloTests-resources.sh\"\n";
			showEnvVarsInLog = 0;
		};
		91F02779BC06F42EF4085F83 /* [CP] Check Pods Manifest.lock */ = {
			isa = PBXShellScriptBuildPhase;
			buildActionMask = 2147483647;
			files = (
			);
			inputPaths = (
			);
			name = "[CP] Check Pods Manifest.lock";
			outputPaths = (
			);
			runOnlyForDeploymentPostprocessing = 0;
			shellPath = /bin/sh;
			shellScript = "diff \"${PODS_ROOT}/../Podfile.lock\" \"${PODS_ROOT}/Manifest.lock\" > /dev/null\nif [ $? != 0 ] ; then\n    # print error to STDERR\n    echo \"error: The sandbox is not in sync with the Podfile.lock. Run 'pod install' or update your CocoaPods installation.\" >&2\n    exit 1\nfi\n";
			showEnvVarsInLog = 0;
		};
/* End PBXShellScriptBuildPhase section */

/* Begin PBXSourcesBuildPhase section */
		0E9573FC1D4CDDCA00703C3A /* Sources */ = {
			isa = PBXSourcesBuildPhase;
			buildActionMask = 2147483647;
			files = (
				0E5FC56F1DB28419003DF396 /* EBEditRecordViewController.swift in Sources */,
				0E7A60D61DB44363003EB738 /* TableViewManager+EBRealmCompanyManager.swift in Sources */,
				0EB5AC7B1DB9C87300ACD9EE /* EBBlog.swift in Sources */,
				0E6BA7801D67F64100B7575C /* EBPortalViewController.swift in Sources */,
				0E54D0A21DB0924900DD7650 /* EBMainViewController.swift in Sources */,
				0E5FE1781DBDAFD300FC2906 /* CompanyCell.swift in Sources */,
				0E8BF04B1D61323D00E0AA08 /* AppManager.swift in Sources */,
				0E58D3931D694A400017C40E /* QuoraArticleViewController.swift in Sources */,
				0E10ADE51D6A391300E15C9C /* QuoraAnimationController.swift in Sources */,
				0E10ADE71D6A4CF500E15C9C /* QuoraDismissAnimationController.swift in Sources */,
				0E9574061D4CDDCA00703C3A /* ViewController.swift in Sources */,
				0E10ADE21D6A042B00E15C9C /* QuoraPageViewController.swift in Sources */,
				0EB5AC7D1DB9D1D000ACD9EE /* EBCompanyArticleFetchOperation.swift in Sources */,
				0E9574041D4CDDCA00703C3A /* AppDelegate.swift in Sources */,
				0E7A60CA1DB2C19A003EB738 /* EBRealmCompanyManager.swift in Sources */,
				0E7A60CC1DB2C577003EB738 /* EBCompany.swift in Sources */,
				0E6BA77D1D67F5EA00B7575C /* EBLoadingViewController.swift in Sources */,
				0E5FE1761DBBA51100FC2906 /* EBRealmBlogManager.swift in Sources */,
				0E554FA51D67FA31009F4AE5 /* EBURIResolver.swift in Sources */,
			);
			runOnlyForDeploymentPostprocessing = 0;
		};
		0E9574101D4CDDCA00703C3A /* Sources */ = {
			isa = PBXSourcesBuildPhase;
			buildActionMask = 2147483647;
			files = (
				0E9574191D4CDDCA00703C3A /* EbloTests.swift in Sources */,
			);
			runOnlyForDeploymentPostprocessing = 0;
		};
		0E95741B1D4CDDCA00703C3A /* Sources */ = {
			isa = PBXSourcesBuildPhase;
			buildActionMask = 2147483647;
			files = (
				0E9574241D4CDDCA00703C3A /* EbloUITests.swift in Sources */,
			);
			runOnlyForDeploymentPostprocessing = 0;
		};
/* End PBXSourcesBuildPhase section */

/* Begin PBXTargetDependency section */
		0E9574161D4CDDCA00703C3A /* PBXTargetDependency */ = {
			isa = PBXTargetDependency;
			target = 0E9573FF1D4CDDCA00703C3A /* Eblo */;
			targetProxy = 0E9574151D4CDDCA00703C3A /* PBXContainerItemProxy */;
		};
		0E9574211D4CDDCA00703C3A /* PBXTargetDependency */ = {
			isa = PBXTargetDependency;
			target = 0E9573FF1D4CDDCA00703C3A /* Eblo */;
			targetProxy = 0E9574201D4CDDCA00703C3A /* PBXContainerItemProxy */;
		};
/* End PBXTargetDependency section */

/* Begin PBXVariantGroup section */
		0E95740C1D4CDDCA00703C3A /* LaunchScreen.storyboard */ = {
			isa = PBXVariantGroup;
			children = (
				0E95740D1D4CDDCA00703C3A /* Base */,
			);
			name = LaunchScreen.storyboard;
			sourceTree = "<group>";
		};
/* End PBXVariantGroup section */

/* Begin XCBuildConfiguration section */
		0E9574261D4CDDCA00703C3A /* Debug */ = {
			isa = XCBuildConfiguration;
			baseConfigurationReference = 0E69FFBE1D689D3C00D6C2E9 /* Eblo.xcconfig */;
			buildSettings = {
				ALWAYS_SEARCH_USER_PATHS = NO;
				CLANG_ANALYZER_NONNULL = YES;
				CLANG_CXX_LANGUAGE_STANDARD = "gnu++0x";
				CLANG_CXX_LIBRARY = "libc++";
				CLANG_ENABLE_MODULES = YES;
				CLANG_ENABLE_OBJC_ARC = YES;
				CLANG_WARN_BOOL_CONVERSION = YES;
				CLANG_WARN_CONSTANT_CONVERSION = YES;
				CLANG_WARN_DIRECT_OBJC_ISA_USAGE = YES_ERROR;
				CLANG_WARN_DOCUMENTATION_COMMENTS = YES;
				CLANG_WARN_EMPTY_BODY = YES;
				CLANG_WARN_ENUM_CONVERSION = YES;
				CLANG_WARN_INT_CONVERSION = YES;
				CLANG_WARN_OBJC_ROOT_CLASS = YES_ERROR;
				CLANG_WARN_UNREACHABLE_CODE = YES;
				CLANG_WARN__DUPLICATE_METHOD_MATCH = YES;
				CODE_SIGN_IDENTITY = "iPhone Developer";
				"CODE_SIGN_IDENTITY[sdk=iphoneos*]" = "iPhone Developer";
				COPY_PHASE_STRIP = NO;
				DEBUG_INFORMATION_FORMAT = dwarf;
				ENABLE_STRICT_OBJC_MSGSEND = YES;
				ENABLE_TESTABILITY = YES;
				GCC_C_LANGUAGE_STANDARD = gnu99;
				GCC_DYNAMIC_NO_PIC = NO;
				GCC_NO_COMMON_BLOCKS = YES;
				GCC_OPTIMIZATION_LEVEL = 0;
				GCC_PREPROCESSOR_DEFINITIONS = (
					"DEBUG=1",
					"$(inherited)",
				);
				GCC_WARN_64_TO_32_BIT_CONVERSION = YES;
				GCC_WARN_ABOUT_RETURN_TYPE = YES_ERROR;
				GCC_WARN_UNDECLARED_SELECTOR = YES;
				GCC_WARN_UNINITIALIZED_AUTOS = YES_AGGRESSIVE;
				GCC_WARN_UNUSED_FUNCTION = YES;
				GCC_WARN_UNUSED_VARIABLE = YES;
				IPHONEOS_DEPLOYMENT_TARGET = 10.0;
				MTL_ENABLE_DEBUG_INFO = YES;
				ONLY_ACTIVE_ARCH = YES;
				SDKROOT = iphoneos;
				SWIFT_ACTIVE_COMPILATION_CONDITIONS = DEBUG;
				SWIFT_OPTIMIZATION_LEVEL = "-Onone";
				SWIFT_VERSION = 3.0;
				TARGETED_DEVICE_FAMILY = "1,2";
			};
			name = Debug;
		};
		0E9574271D4CDDCA00703C3A /* Release */ = {
			isa = XCBuildConfiguration;
			baseConfigurationReference = 0E69FFBE1D689D3C00D6C2E9 /* Eblo.xcconfig */;
			buildSettings = {
				ALWAYS_SEARCH_USER_PATHS = NO;
				CLANG_ANALYZER_NONNULL = YES;
				CLANG_CXX_LANGUAGE_STANDARD = "gnu++0x";
				CLANG_CXX_LIBRARY = "libc++";
				CLANG_ENABLE_MODULES = YES;
				CLANG_ENABLE_OBJC_ARC = YES;
				CLANG_WARN_BOOL_CONVERSION = YES;
				CLANG_WARN_CONSTANT_CONVERSION = YES;
				CLANG_WARN_DIRECT_OBJC_ISA_USAGE = YES_ERROR;
				CLANG_WARN_DOCUMENTATION_COMMENTS = YES;
				CLANG_WARN_EMPTY_BODY = YES;
				CLANG_WARN_ENUM_CONVERSION = YES;
				CLANG_WARN_INT_CONVERSION = YES;
				CLANG_WARN_OBJC_ROOT_CLASS = YES_ERROR;
				CLANG_WARN_UNREACHABLE_CODE = YES;
				CLANG_WARN__DUPLICATE_METHOD_MATCH = YES;
				CODE_SIGN_IDENTITY = "iPhone Developer";
				"CODE_SIGN_IDENTITY[sdk=iphoneos*]" = "iPhone Developer";
				COPY_PHASE_STRIP = NO;
				DEBUG_INFORMATION_FORMAT = "dwarf-with-dsym";
				ENABLE_NS_ASSERTIONS = NO;
				ENABLE_STRICT_OBJC_MSGSEND = YES;
				GCC_C_LANGUAGE_STANDARD = gnu99;
				GCC_NO_COMMON_BLOCKS = YES;
				GCC_WARN_64_TO_32_BIT_CONVERSION = YES;
				GCC_WARN_ABOUT_RETURN_TYPE = YES_ERROR;
				GCC_WARN_UNDECLARED_SELECTOR = YES;
				GCC_WARN_UNINITIALIZED_AUTOS = YES_AGGRESSIVE;
				GCC_WARN_UNUSED_FUNCTION = YES;
				GCC_WARN_UNUSED_VARIABLE = YES;
				IPHONEOS_DEPLOYMENT_TARGET = 10.0;
				MTL_ENABLE_DEBUG_INFO = NO;
				SDKROOT = iphoneos;
				SWIFT_OPTIMIZATION_LEVEL = "-Owholemodule";
				SWIFT_VERSION = 3.0;
				TARGETED_DEVICE_FAMILY = "1,2";
				VALIDATE_PRODUCT = YES;
			};
			name = Release;
		};
		0E9574291D4CDDCA00703C3A /* Debug */ = {
			isa = XCBuildConfiguration;
			baseConfigurationReference = F1A6D301C8567DE7DA3ED4D0 /* Pods-Eblo.debug.xcconfig */;
			buildSettings = {
				ALWAYS_EMBED_SWIFT_STANDARD_LIBRARIES = YES;
				ASSETCATALOG_COMPILER_APPICON_NAME = AppIcon;
				FRAMEWORK_SEARCH_PATHS = (
					"$(inherited)",
					"$(PROJECT_DIR)",
				);
				INFOPLIST_FILE = Eblo/Info.plist;
				LD_RUNPATH_SEARCH_PATHS = "$(inherited) @executable_path/Frameworks";
				PRODUCT_BUNDLE_IDENTIFIER = com.yansong.li.Eblo;
				PRODUCT_NAME = "$(TARGET_NAME)";
				SWIFT_VERSION = 3.0;
			};
			name = Debug;
		};
		0E95742A1D4CDDCA00703C3A /* Release */ = {
			isa = XCBuildConfiguration;
			baseConfigurationReference = 17990CD8E61CD9A6FC2580ED /* Pods-Eblo.release.xcconfig */;
			buildSettings = {
				ALWAYS_EMBED_SWIFT_STANDARD_LIBRARIES = YES;
				ASSETCATALOG_COMPILER_APPICON_NAME = AppIcon;
				FRAMEWORK_SEARCH_PATHS = (
					"$(inherited)",
					"$(PROJECT_DIR)",
				);
				INFOPLIST_FILE = Eblo/Info.plist;
				LD_RUNPATH_SEARCH_PATHS = "$(inherited) @executable_path/Frameworks";
				PRODUCT_BUNDLE_IDENTIFIER = com.yansong.li.Eblo;
				PRODUCT_NAME = "$(TARGET_NAME)";
				SWIFT_VERSION = 3.0;
			};
			name = Release;
		};
		0E95742C1D4CDDCA00703C3A /* Debug */ = {
			isa = XCBuildConfiguration;
			baseConfigurationReference = BE1BFF70D9451D2C1079822E /* Pods-EbloTests.debug.xcconfig */;
			buildSettings = {
				BUNDLE_LOADER = "$(TEST_HOST)";
				FRAMEWORK_SEARCH_PATHS = (
					"$(inherited)",
					"\"$PODS_CONFIGURATION_BUILD_DIR/SiYuanKit\"",
					"$(PROJECT_DIR)",
				);
				INFOPLIST_FILE = EbloTests/Info.plist;
				LD_RUNPATH_SEARCH_PATHS = "$(inherited) @executable_path/Frameworks @loader_path/Frameworks";
				PRODUCT_BUNDLE_IDENTIFIER = com.yansong.li.EbloTests;
				PRODUCT_NAME = "$(TARGET_NAME)";
				SWIFT_VERSION = 3.0;
				TEST_HOST = "$(BUILT_PRODUCTS_DIR)/Eblo.app/Eblo";
			};
			name = Debug;
		};
		0E95742D1D4CDDCA00703C3A /* Release */ = {
			isa = XCBuildConfiguration;
			baseConfigurationReference = D4821C5D6DD910A74659DE23 /* Pods-EbloTests.release.xcconfig */;
			buildSettings = {
				BUNDLE_LOADER = "$(TEST_HOST)";
				FRAMEWORK_SEARCH_PATHS = (
					"$(inherited)",
					"\"$PODS_CONFIGURATION_BUILD_DIR/SiYuanKit\"",
					"$(PROJECT_DIR)",
				);
				INFOPLIST_FILE = EbloTests/Info.plist;
				LD_RUNPATH_SEARCH_PATHS = "$(inherited) @executable_path/Frameworks @loader_path/Frameworks";
				PRODUCT_BUNDLE_IDENTIFIER = com.yansong.li.EbloTests;
				PRODUCT_NAME = "$(TARGET_NAME)";
				SWIFT_VERSION = 3.0;
				TEST_HOST = "$(BUILT_PRODUCTS_DIR)/Eblo.app/Eblo";
			};
			name = Release;
		};
		0E95742F1D4CDDCA00703C3A /* Debug */ = {
			isa = XCBuildConfiguration;
			baseConfigurationReference = DD0DF962E27AB253C947D099 /* Pods-EbloUITests.debug.xcconfig */;
			buildSettings = {
				INFOPLIST_FILE = EbloUITests/Info.plist;
				LD_RUNPATH_SEARCH_PATHS = "$(inherited) @executable_path/Frameworks @loader_path/Frameworks";
				PRODUCT_BUNDLE_IDENTIFIER = com.yansong.li.EbloUITests;
				PRODUCT_NAME = "$(TARGET_NAME)";
				SWIFT_VERSION = 3.0;
				TEST_TARGET_NAME = Eblo;
			};
			name = Debug;
		};
		0E9574301D4CDDCA00703C3A /* Release */ = {
			isa = XCBuildConfiguration;
			baseConfigurationReference = 413048EE4F3C7FD3A886F081 /* Pods-EbloUITests.release.xcconfig */;
			buildSettings = {
				INFOPLIST_FILE = EbloUITests/Info.plist;
				LD_RUNPATH_SEARCH_PATHS = "$(inherited) @executable_path/Frameworks @loader_path/Frameworks";
				PRODUCT_BUNDLE_IDENTIFIER = com.yansong.li.EbloUITests;
				PRODUCT_NAME = "$(TARGET_NAME)";
				SWIFT_VERSION = 3.0;
				TEST_TARGET_NAME = Eblo;
			};
			name = Release;
		};
/* End XCBuildConfiguration section */

/* Begin XCConfigurationList section */
		0E9573FB1D4CDDCA00703C3A /* Build configuration list for PBXProject "Eblo" */ = {
			isa = XCConfigurationList;
			buildConfigurations = (
				0E9574261D4CDDCA00703C3A /* Debug */,
				0E9574271D4CDDCA00703C3A /* Release */,
			);
			defaultConfigurationIsVisible = 0;
			defaultConfigurationName = Release;
		};
		0E9574281D4CDDCA00703C3A /* Build configuration list for PBXNativeTarget "Eblo" */ = {
			isa = XCConfigurationList;
			buildConfigurations = (
				0E9574291D4CDDCA00703C3A /* Debug */,
				0E95742A1D4CDDCA00703C3A /* Release */,
			);
			defaultConfigurationIsVisible = 0;
			defaultConfigurationName = Release;
		};
		0E95742B1D4CDDCA00703C3A /* Build configuration list for PBXNativeTarget "EbloTests" */ = {
			isa = XCConfigurationList;
			buildConfigurations = (
				0E95742C1D4CDDCA00703C3A /* Debug */,
				0E95742D1D4CDDCA00703C3A /* Release */,
			);
			defaultConfigurationIsVisible = 0;
			defaultConfigurationName = Release;
		};
		0E95742E1D4CDDCA00703C3A /* Build configuration list for PBXNativeTarget "EbloUITests" */ = {
			isa = XCConfigurationList;
			buildConfigurations = (
				0E95742F1D4CDDCA00703C3A /* Debug */,
				0E9574301D4CDDCA00703C3A /* Release */,
			);
			defaultConfigurationIsVisible = 0;
			defaultConfigurationName = Release;
		};
/* End XCConfigurationList section */
	};
	rootObject = 0E9573F81D4CDDCA00703C3A /* Project object */;
}
